
Microsoft Visual Studio Solution File, Format Version 12.00
# Visual Studio Version 17
VisualStudioVersion = 17.2.32602.215
MinimumVisualStudioVersion = 10.0.40219.1
Project("{FAE04EC0-301F-11D3-BF4B-00C04F79EFBC}") = "rin bot", "rin bot\rin bot.csproj", "{1C9783A0-F364-4AC1-BAFF-56A75C709721}"
EndProject
Global
	GlobalSection(SolutionConfigurationPlatforms) = preSolution
		Debug|Any CPU = Debug|Any CPU
		Release|Any CPU = Release|Any CPU
	EndGlobalSection
	GlobalSection(ProjectConfigurationPlatforms) = postSolution
		{1C9783A0-F364-4AC1-BAFF-56A75C709721}.Debug|Any CPU.ActiveCfg = Debug|Any CPU
		{1C9783A0-F364-4AC1-BAFF-56A75C709721}.Debug|Any CPU.Build.0 = Debug|Any CPU
		{1C9783A0-F364-4AC1-BAFF-56A75C709721}.Release|Any CPU.ActiveCfg = Release|Any CPU
		{1C9783A0-F364-4AC1-BAFF-56A75C709721}.Release|Any CPU.Build.0 = Release|Any CPU
	EndGlobalSection
	GlobalSection(SolutionProperties) = preSolution
		HideSolutionNode = FALSE
	EndGlobalSection
	GlobalSection(ExtensibilityGlobals) = postSolution
		SolutionGuid = {4FC032E0-A327-4D17-9F35-4AF3F1195E74}
	EndGlobalSection
EndGlobal
